
Microsoft Visual Studio Solution File, Format Version 12.00
# Visual Studio Version 17
VisualStudioVersion = 17.6.33723.286
MinimumVisualStudioVersion = 10.0.40219.1
Project("{FAE04EC0-301F-11D3-BF4B-00C04F79EFBC}") = "GPACalculator", "GPACalculator\GPACalculator.csproj", "{5D6A5E9D-C5D3-4662-9CF6-FCEDE1614081}"
EndProject
Global
	GlobalSection(SolutionConfigurationPlatforms) = preSolution
		Debug|Any CPU = Debug|Any CPU
		Release|Any CPU = Release|Any CPU
	EndGlobalSection
	GlobalSection(ProjectConfigurationPlatforms) = postSolution
		{5D6A5E9D-C5D3-4662-9CF6-FCEDE1614081}.Debug|Any CPU.ActiveCfg = Debug|Any CPU
		{5D6A5E9D-C5D3-4662-9CF6-FCEDE1614081}.Debug|Any CPU.Build.0 = Debug|Any CPU
		{5D6A5E9D-C5D3-4662-9CF6-FCEDE1614081}.Release|Any CPU.ActiveCfg = Release|Any CPU
		{5D6A5E9D-C5D3-4662-9CF6-FCEDE1614081}.Release|Any CPU.Build.0 = Release|Any CPU
	EndGlobalSection
	GlobalSection(SolutionProperties) = preSolution
		HideSolutionNode = FALSE
	EndGlobalSection
	GlobalSection(ExtensibilityGlobals) = postSolution
		SolutionGuid = {B04153A7-9854-45DC-A4FA-1034C8D9FF78}
	EndGlobalSection
EndGlobal
